
Microsoft Visual Studio Solution File, Format Version 12.00
# Visual Studio Version 17
VisualStudioVersion = 17.4.33122.133
MinimumVisualStudioVersion = 10.0.40219.1
Project("{9A19103F-16F7-4668-BE54-9A1E7A4F7556}") = "DeveloperAPI", "DeveloperAPI\DeveloperAPI.csproj", "{C86F64E1-E84C-4C14-9A40-972B308484FC}"
	ProjectSection(ProjectDependencies) = postProject
		{1C259C60-B5C8-4E23-88DB-3968E8E56FF1} = {1C259C60-B5C8-4E23-88DB-3968E8E56FF1}
	EndProjectSection
EndProject
Project("{9A19103F-16F7-4668-BE54-9A1E7A4F7556}") = "Domain", "Domain\Domain.csproj", "{448063D6-69B3-4E0A-A3F5-F1F6FC3AE04A}"
EndProject
Project("{9A19103F-16F7-4668-BE54-9A1E7A4F7556}") = "Data", "Data\Data.csproj", "{67551EDE-82A1-4437-AB42-B043C27CABDC}"
EndProject
Project("{9A19103F-16F7-4668-BE54-9A1E7A4F7556}") = "IoC", "IoC\IoC.csproj", "{1C259C60-B5C8-4E23-88DB-3968E8E56FF1}"
EndProject
Project("{9A19103F-16F7-4668-BE54-9A1E7A4F7556}") = "Tests", "Tests\Tests.csproj", "{80A7C140-F40D-4DC8-ACBF-93BD31139D12}"
EndProject
Global
	GlobalSection(SolutionConfigurationPlatforms) = preSolution
		Debug|Any CPU = Debug|Any CPU
		Release|Any CPU = Release|Any CPU
	EndGlobalSection
	GlobalSection(ProjectConfigurationPlatforms) = postSolution
		{C86F64E1-E84C-4C14-9A40-972B308484FC}.Debug|Any CPU.ActiveCfg = Debug|Any CPU
		{C86F64E1-E84C-4C14-9A40-972B308484FC}.Debug|Any CPU.Build.0 = Debug|Any CPU
		{C86F64E1-E84C-4C14-9A40-972B308484FC}.Release|Any CPU.ActiveCfg = Release|Any CPU
		{C86F64E1-E84C-4C14-9A40-972B308484FC}.Release|Any CPU.Build.0 = Release|Any CPU
		{448063D6-69B3-4E0A-A3F5-F1F6FC3AE04A}.Debug|Any CPU.ActiveCfg = Debug|Any CPU
		{448063D6-69B3-4E0A-A3F5-F1F6FC3AE04A}.Debug|Any CPU.Build.0 = Debug|Any CPU
		{448063D6-69B3-4E0A-A3F5-F1F6FC3AE04A}.Release|Any CPU.ActiveCfg = Release|Any CPU
		{448063D6-69B3-4E0A-A3F5-F1F6FC3AE04A}.Release|Any CPU.Build.0 = Release|Any CPU
		{67551EDE-82A1-4437-AB42-B043C27CABDC}.Debug|Any CPU.ActiveCfg = Debug|Any CPU
		{67551EDE-82A1-4437-AB42-B043C27CABDC}.Debug|Any CPU.Build.0 = Debug|Any CPU
		{67551EDE-82A1-4437-AB42-B043C27CABDC}.Release|Any CPU.ActiveCfg = Release|Any CPU
		{67551EDE-82A1-4437-AB42-B043C27CABDC}.Release|Any CPU.Build.0 = Release|Any CPU
		{1C259C60-B5C8-4E23-88DB-3968E8E56FF1}.Debug|Any CPU.ActiveCfg = Debug|Any CPU
		{1C259C60-B5C8-4E23-88DB-3968E8E56FF1}.Debug|Any CPU.Build.0 = Debug|Any CPU
		{1C259C60-B5C8-4E23-88DB-3968E8E56FF1}.Release|Any CPU.ActiveCfg = Release|Any CPU
		{1C259C60-B5C8-4E23-88DB-3968E8E56FF1}.Release|Any CPU.Build.0 = Release|Any CPU
		{80A7C140-F40D-4DC8-ACBF-93BD31139D12}.Debug|Any CPU.ActiveCfg = Debug|Any CPU
		{80A7C140-F40D-4DC8-ACBF-93BD31139D12}.Debug|Any CPU.Build.0 = Debug|Any CPU
		{80A7C140-F40D-4DC8-ACBF-93BD31139D12}.Release|Any CPU.ActiveCfg = Release|Any CPU
		{80A7C140-F40D-4DC8-ACBF-93BD31139D12}.Release|Any CPU.Build.0 = Release|Any CPU
	EndGlobalSection
	GlobalSection(SolutionProperties) = preSolution
		HideSolutionNode = FALSE
	EndGlobalSection
	GlobalSection(ExtensibilityGlobals) = postSolution
		SolutionGuid = {E5A0FA3D-BBBF-4B7B-904C-754E376C0DBF}
	EndGlobalSection
EndGlobal
